
Microsoft Visual Studio Solution File, Format Version 12.00
# Visual Studio Version 17
VisualStudioVersion = 17.3.32922.545
MinimumVisualStudioVersion = 10.0.40219.1
Project("{FAE04EC0-301F-11D3-BF4B-00C04F79EFBC}") = "property and tostring", "property and tostring\property and tostring.csproj", "{88025E4A-5055-40F2-8647-82E29B87EEA6}"
EndProject
Global
	GlobalSection(SolutionConfigurationPlatforms) = preSolution
		Debug|Any CPU = Debug|Any CPU
		Release|Any CPU = Release|Any CPU
	EndGlobalSection
	GlobalSection(ProjectConfigurationPlatforms) = postSolution
		{88025E4A-5055-40F2-8647-82E29B87EEA6}.Debug|Any CPU.ActiveCfg = Debug|Any CPU
		{88025E4A-5055-40F2-8647-82E29B87EEA6}.Debug|Any CPU.Build.0 = Debug|Any CPU
		{88025E4A-5055-40F2-8647-82E29B87EEA6}.Release|Any CPU.ActiveCfg = Release|Any CPU
		{88025E4A-5055-40F2-8647-82E29B87EEA6}.Release|Any CPU.Build.0 = Release|Any CPU
	EndGlobalSection
	GlobalSection(SolutionProperties) = preSolution
		HideSolutionNode = FALSE
	EndGlobalSection
	GlobalSection(ExtensibilityGlobals) = postSolution
		SolutionGuid = {0076C263-5DAF-4290-BF19-363545BD4BE2}
	EndGlobalSection
EndGlobal
